
Microsoft Visual Studio Solution File, Format Version 12.00
# Visual Studio 15
Project("{FAE04EC0-301F-11D3-BF4B-00C04F79EFBC}") = "sol_2018_09_12", "sol_2018_09_12\sol_2018_09_12.csproj", "{B6C05FDE-1FCF-45A1-BCF7-A5090D772D03}"
EndProject
Global
	GlobalSection(SolutionConfigurationPlatforms) = preSolution
		Debug|x86 = Debug|x86
		Release|x86 = Release|x86
	EndGlobalSection
	GlobalSection(ProjectConfigurationPlatforms) = postSolution
		{B6C05FDE-1FCF-45A1-BCF7-A5090D772D03}.Debug|x86.ActiveCfg = Debug|x86
		{B6C05FDE-1FCF-45A1-BCF7-A5090D772D03}.Debug|x86.Build.0 = Debug|x86
		{B6C05FDE-1FCF-45A1-BCF7-A5090D772D03}.Release|x86.ActiveCfg = Release|x86
		{B6C05FDE-1FCF-45A1-BCF7-A5090D772D03}.Release|x86.Build.0 = Release|x86
	EndGlobalSection
EndGlobal
